
Microsoft Visual Studio Solution File, Format Version 12.00
# Visual Studio Version 16
VisualStudioVersion = 16.0.29728.190
MinimumVisualStudioVersion = 10.0.40219.1
Project("{FAE04EC0-301F-11D3-BF4B-00C04F79EFBC}") = "MuserLibrary", "MuserLibrary\MuserLibrary.csproj", "{6AA4E963-5376-4297-834B-767385DC1FE9}"
EndProject
Global
	GlobalSection(SolutionConfigurationPlatforms) = preSolution
		Debug|Any CPU = Debug|Any CPU
		Release|Any CPU = Release|Any CPU
	EndGlobalSection
	GlobalSection(ProjectConfigurationPlatforms) = postSolution
		{6AA4E963-5376-4297-834B-767385DC1FE9}.Debug|Any CPU.ActiveCfg = Debug|Any CPU
		{6AA4E963-5376-4297-834B-767385DC1FE9}.Debug|Any CPU.Build.0 = Debug|Any CPU
		{6AA4E963-5376-4297-834B-767385DC1FE9}.Release|Any CPU.ActiveCfg = Release|Any CPU
		{6AA4E963-5376-4297-834B-767385DC1FE9}.Release|Any CPU.Build.0 = Release|Any CPU
	EndGlobalSection
	GlobalSection(SolutionProperties) = preSolution
		HideSolutionNode = FALSE
	EndGlobalSection
	GlobalSection(ExtensibilityGlobals) = postSolution
		SolutionGuid = {634EAE1A-8F58-4241-B1F4-A9544697C7D8}
	EndGlobalSection
EndGlobal
